
Microsoft Visual Studio Solution File, Format Version 12.00
# Visual Studio Version 17
VisualStudioVersion = 17.0.32112.339
MinimumVisualStudioVersion = 10.0.40219.1
Project("{9A19103F-16F7-4668-BE54-9A1E7A4F7556}") = "API", "APi\API.csproj", "{40037800-CDE1-4FBB-8BA2-8BE5EE9755BB}"
EndProject
Project("{9A19103F-16F7-4668-BE54-9A1E7A4F7556}") = "Core", "Core\Core.csproj", "{96081B94-283D-46E6-9A4E-486E26A84053}"
EndProject
Project("{9A19103F-16F7-4668-BE54-9A1E7A4F7556}") = "Infra", "Infra\Infra.csproj", "{0701A78A-4EAF-44A9-8636-334EAE1AD896}"
EndProject
Project("{9A19103F-16F7-4668-BE54-9A1E7A4F7556}") = "Shared", "Shared\Shared.csproj", "{DCE2BB12-CD74-40FF-8186-46536C318A95}"
EndProject
Project("{9A19103F-16F7-4668-BE54-9A1E7A4F7556}") = "Domain", "Domain\Domain.csproj", "{EC4C3A8F-4CA8-4A3C-8772-6AC78F4E103F}"
EndProject
Project("{E53339B2-1760-4266-BCC7-CA923CBCF16C}") = "docker-compose", "docker-compose.dcproj", "{E0ACC830-1F82-4656-8879-C83D8FF06C4A}"
EndProject
Global
	GlobalSection(SolutionConfigurationPlatforms) = preSolution
		Debug|Any CPU = Debug|Any CPU
		Release|Any CPU = Release|Any CPU
	EndGlobalSection
	GlobalSection(ProjectConfigurationPlatforms) = postSolution
		{40037800-CDE1-4FBB-8BA2-8BE5EE9755BB}.Debug|Any CPU.ActiveCfg = Debug|Any CPU
		{40037800-CDE1-4FBB-8BA2-8BE5EE9755BB}.Debug|Any CPU.Build.0 = Debug|Any CPU
		{40037800-CDE1-4FBB-8BA2-8BE5EE9755BB}.Release|Any CPU.ActiveCfg = Release|Any CPU
		{40037800-CDE1-4FBB-8BA2-8BE5EE9755BB}.Release|Any CPU.Build.0 = Release|Any CPU
		{96081B94-283D-46E6-9A4E-486E26A84053}.Debug|Any CPU.ActiveCfg = Debug|Any CPU
		{96081B94-283D-46E6-9A4E-486E26A84053}.Debug|Any CPU.Build.0 = Debug|Any CPU
		{96081B94-283D-46E6-9A4E-486E26A84053}.Release|Any CPU.ActiveCfg = Release|Any CPU
		{96081B94-283D-46E6-9A4E-486E26A84053}.Release|Any CPU.Build.0 = Release|Any CPU
		{0701A78A-4EAF-44A9-8636-334EAE1AD896}.Debug|Any CPU.ActiveCfg = Debug|Any CPU
		{0701A78A-4EAF-44A9-8636-334EAE1AD896}.Debug|Any CPU.Build.0 = Debug|Any CPU
		{0701A78A-4EAF-44A9-8636-334EAE1AD896}.Release|Any CPU.ActiveCfg = Release|Any CPU
		{0701A78A-4EAF-44A9-8636-334EAE1AD896}.Release|Any CPU.Build.0 = Release|Any CPU
		{DCE2BB12-CD74-40FF-8186-46536C318A95}.Debug|Any CPU.ActiveCfg = Debug|Any CPU
		{DCE2BB12-CD74-40FF-8186-46536C318A95}.Debug|Any CPU.Build.0 = Debug|Any CPU
		{DCE2BB12-CD74-40FF-8186-46536C318A95}.Release|Any CPU.ActiveCfg = Release|Any CPU
		{DCE2BB12-CD74-40FF-8186-46536C318A95}.Release|Any CPU.Build.0 = Release|Any CPU
		{EC4C3A8F-4CA8-4A3C-8772-6AC78F4E103F}.Debug|Any CPU.ActiveCfg = Debug|Any CPU
		{EC4C3A8F-4CA8-4A3C-8772-6AC78F4E103F}.Debug|Any CPU.Build.0 = Debug|Any CPU
		{EC4C3A8F-4CA8-4A3C-8772-6AC78F4E103F}.Release|Any CPU.ActiveCfg = Release|Any CPU
		{EC4C3A8F-4CA8-4A3C-8772-6AC78F4E103F}.Release|Any CPU.Build.0 = Release|Any CPU
		{E0ACC830-1F82-4656-8879-C83D8FF06C4A}.Debug|Any CPU.ActiveCfg = Debug|Any CPU
		{E0ACC830-1F82-4656-8879-C83D8FF06C4A}.Debug|Any CPU.Build.0 = Debug|Any CPU
		{E0ACC830-1F82-4656-8879-C83D8FF06C4A}.Release|Any CPU.ActiveCfg = Release|Any CPU
		{E0ACC830-1F82-4656-8879-C83D8FF06C4A}.Release|Any CPU.Build.0 = Release|Any CPU
	EndGlobalSection
	GlobalSection(SolutionProperties) = preSolution
		HideSolutionNode = FALSE
	EndGlobalSection
	GlobalSection(ExtensibilityGlobals) = postSolution
		SolutionGuid = {C0E38DA4-565C-4253-B0C6-B54F80459E7D}
	EndGlobalSection
EndGlobal
